
Microsoft Visual Studio Solution File, Format Version 12.00
# Visual Studio Version 17
VisualStudioVersion = 17.0.31903.59
MinimumVisualStudioVersion = 10.0.40219.1
Project("{FAE04EC0-301F-11D3-BF4B-00C04F79EFBC}") = "MHE.ServicesLifetime", "source\code\MHE.ServicesLifetime\MHE.ServicesLifetime\MHE.ServicesLifetime.csproj", "{9573CBD7-D28F-477C-9375-32345D9A5A25}"
EndProject
Project("{FAE04EC0-301F-11D3-BF4B-00C04F79EFBC}") = "MHE.ServicesLifetime.Client", "source\code\MHE.ServicesLifetime\MHE.ServicesLifetime.Client\MHE.ServicesLifetime.Client.csproj", "{6653D70D-D801-41B9-8943-0F0CF013FBC6}"
EndProject
Global
	GlobalSection(SolutionConfigurationPlatforms) = preSolution
		Debug|Any CPU = Debug|Any CPU
		Release|Any CPU = Release|Any CPU
	EndGlobalSection
	GlobalSection(ProjectConfigurationPlatforms) = postSolution
		{9573CBD7-D28F-477C-9375-32345D9A5A25}.Debug|Any CPU.ActiveCfg = Debug|Any CPU
		{9573CBD7-D28F-477C-9375-32345D9A5A25}.Debug|Any CPU.Build.0 = Debug|Any CPU
		{9573CBD7-D28F-477C-9375-32345D9A5A25}.Release|Any CPU.ActiveCfg = Release|Any CPU
		{9573CBD7-D28F-477C-9375-32345D9A5A25}.Release|Any CPU.Build.0 = Release|Any CPU
		{6653D70D-D801-41B9-8943-0F0CF013FBC6}.Debug|Any CPU.ActiveCfg = Debug|Any CPU
		{6653D70D-D801-41B9-8943-0F0CF013FBC6}.Debug|Any CPU.Build.0 = Debug|Any CPU
		{6653D70D-D801-41B9-8943-0F0CF013FBC6}.Release|Any CPU.ActiveCfg = Release|Any CPU
		{6653D70D-D801-41B9-8943-0F0CF013FBC6}.Release|Any CPU.Build.0 = Release|Any CPU
	EndGlobalSection
	GlobalSection(SolutionProperties) = preSolution
		HideSolutionNode = FALSE
	EndGlobalSection
EndGlobal
